
Microsoft Visual Studio Solution File, Format Version 12.00
# Visual Studio Version 17
VisualStudioVersion = 17.4.33403.182
MinimumVisualStudioVersion = 10.0.40219.1
Project("{FAE04EC0-301F-11D3-BF4B-00C04F79EFBC}") = "Operazioni_Vettori", "Operazioni_Vettori\Operazioni_Vettori.csproj", "{94D2C851-57E2-4360-9330-BAD2AD0DE3EE}"
EndProject
Global
	GlobalSection(SolutionConfigurationPlatforms) = preSolution
		Debug|Any CPU = Debug|Any CPU
		Release|Any CPU = Release|Any CPU
	EndGlobalSection
	GlobalSection(ProjectConfigurationPlatforms) = postSolution
		{94D2C851-57E2-4360-9330-BAD2AD0DE3EE}.Debug|Any CPU.ActiveCfg = Debug|Any CPU
		{94D2C851-57E2-4360-9330-BAD2AD0DE3EE}.Debug|Any CPU.Build.0 = Debug|Any CPU
		{94D2C851-57E2-4360-9330-BAD2AD0DE3EE}.Release|Any CPU.ActiveCfg = Release|Any CPU
		{94D2C851-57E2-4360-9330-BAD2AD0DE3EE}.Release|Any CPU.Build.0 = Release|Any CPU
	EndGlobalSection
	GlobalSection(SolutionProperties) = preSolution
		HideSolutionNode = FALSE
	EndGlobalSection
	GlobalSection(ExtensibilityGlobals) = postSolution
		SolutionGuid = {7329AE03-84C9-44FD-A6CB-7C1C92215FDB}
	EndGlobalSection
EndGlobal
